
Microsoft Visual Studio Solution File, Format Version 12.00
# Visual Studio Version 16
VisualStudioVersion = 16.0.30611.23
MinimumVisualStudioVersion = 15.0.26124.0
Project("{FAE04EC0-301F-11D3-BF4B-00C04F79EFBC}") = "Test6.Objects", "Objects/Test6.Objects.csproj", "26a7ff49-8e7a-4f17-a147-f23124dc62bb"
EndProject
Project("{FAE04EC0-301F-11D3-BF4B-00C04F79EFBC}") = "Test6.Tests", "Tests/Test6.Tests.csproj", "b17da7c7-07f6-4b43-a7ab-4e3c10f81d07"
EndProject
Project("{FAE04EC0-301F-11D3-BF4B-00C04F79EFBC}") = "Test6.ODataBackend", "ODataBackend/Test6.ODataBackend.csproj", "96cfca58-17ea-4880-bbcd-cca9de31c22b"
EndProject
Project("{FAE04EC0-301F-11D3-BF4B-00C04F79EFBC}") = "Test6.IntegrationTests", "IntegrationTests/Test6.IntegrationTests.csproj", "37ceb8ae-c120-4560-b939-aab75f88d957"
EndProject
Global
	GlobalSection(SolutionConfigurationPlatforms) = preSolution
Debug|Any CPU = Debug|Any CPU
Release|Any CPU = Release|Any CPU
	EndGlobalSection
	GlobalSection(ProjectConfigurationPlatforms) = postSolution
		26a7ff49-8e7a-4f17-a147-f23124dc62bb.Debug|Any CPU.ActiveCfg = Debug|Any CPU
		26a7ff49-8e7a-4f17-a147-f23124dc62bb.Debug|Any CPU.Build.0 = Debug|Any CPU
		26a7ff49-8e7a-4f17-a147-f23124dc62bb.Release|Any CPU.ActiveCfg = Release|Any CPU
		26a7ff49-8e7a-4f17-a147-f23124dc62bb.Release|Any CPU.Build.0 = Release|Any CPU
		b17da7c7-07f6-4b43-a7ab-4e3c10f81d07.Debug|Any CPU.ActiveCfg = Debug|Any CPU
		b17da7c7-07f6-4b43-a7ab-4e3c10f81d07.Debug|Any CPU.Build.0 = Debug|Any CPU
		b17da7c7-07f6-4b43-a7ab-4e3c10f81d07.Release|Any CPU.ActiveCfg = Release|Any CPU
		b17da7c7-07f6-4b43-a7ab-4e3c10f81d07.Release|Any CPU.Build.0 = Release|Any CPU
		96cfca58-17ea-4880-bbcd-cca9de31c22b.Debug|Any CPU.ActiveCfg = Debug|Any CPU
		96cfca58-17ea-4880-bbcd-cca9de31c22b.Debug|Any CPU.Build.0 = Debug|Any CPU
		96cfca58-17ea-4880-bbcd-cca9de31c22b.Release|Any CPU.ActiveCfg = Release|Any CPU
		96cfca58-17ea-4880-bbcd-cca9de31c22b.Release|Any CPU.Build.0 = Release|Any CPU
		37ceb8ae-c120-4560-b939-aab75f88d957.Debug|Any CPU.ActiveCfg = Debug|Any CPU
		37ceb8ae-c120-4560-b939-aab75f88d957.Debug|Any CPU.Build.0 = Debug|Any CPU
		37ceb8ae-c120-4560-b939-aab75f88d957.Release|Any CPU.ActiveCfg = Release|Any CPU
		37ceb8ae-c120-4560-b939-aab75f88d957.Release|Any CPU.Build.0 = Release|Any CPU
	EndGlobalSection
	GlobalSection(SolutionProperties) = preSolution
		HideSolutionNode = FALSE
	EndGlobalSection
EndGlobal
